
Microsoft Visual Studio Solution File, Format Version 12.00
# Visual Studio Version 16
VisualStudioVersion = 16.0.32510.428
MinimumVisualStudioVersion = 10.0.40219.1
Project("{FAE04EC0-301F-11D3-BF4B-00C04F79EFBC}") = "FileManager", "FileManager.csproj", "{BADDE62D-BF7C-4D4A-9BA3-3F5F62E11AFB}"
EndProject
Global
	GlobalSection(SolutionConfigurationPlatforms) = preSolution
		Debug|Any CPU = Debug|Any CPU
		Release|Any CPU = Release|Any CPU
	EndGlobalSection
	GlobalSection(ProjectConfigurationPlatforms) = postSolution
		{BADDE62D-BF7C-4D4A-9BA3-3F5F62E11AFB}.Debug|Any CPU.ActiveCfg = Debug|Any CPU
		{BADDE62D-BF7C-4D4A-9BA3-3F5F62E11AFB}.Debug|Any CPU.Build.0 = Debug|Any CPU
		{BADDE62D-BF7C-4D4A-9BA3-3F5F62E11AFB}.Release|Any CPU.ActiveCfg = Release|Any CPU
		{BADDE62D-BF7C-4D4A-9BA3-3F5F62E11AFB}.Release|Any CPU.Build.0 = Release|Any CPU
	EndGlobalSection
	GlobalSection(SolutionProperties) = preSolution
		HideSolutionNode = FALSE
	EndGlobalSection
	GlobalSection(ExtensibilityGlobals) = postSolution
		SolutionGuid = {5FB4A612-BD54-4D6F-B3C0-E9D7A15806E4}
	EndGlobalSection
EndGlobal
